
Microsoft Visual Studio Solution File, Format Version 12.00
# Visual Studio Version 17
VisualStudioVersion = 17.7.34031.279
MinimumVisualStudioVersion = 10.0.40219.1
Project("{2150E333-8FDC-42A3-9474-1A3956D46DE8}") = "Core", "Core", "{44AE1D1E-9A81-4D2C-A8B5-789827DFB034}"
EndProject
Project("{9A19103F-16F7-4668-BE54-9A1E7A4F7556}") = "CamplyMarket.Domain", "Core\CamplyMarket.Domain\CamplyMarket.Domain.csproj", "{F7AE53D2-CC94-4875-BCB6-9B478F0BD49C}"
EndProject
Project("{9A19103F-16F7-4668-BE54-9A1E7A4F7556}") = "CamplyMarket.Application", "Core\CamplyMarket.Application\CamplyMarket.Application.csproj", "{48BDD5E7-0878-4900-9201-6F2AAE7CAF3C}"
EndProject
Project("{2150E333-8FDC-42A3-9474-1A3956D46DE8}") = "Infrastructure", "Infrastructure", "{85AB6C79-FB54-4AC4-8CB6-C921A732A49E}"
EndProject
Project("{9A19103F-16F7-4668-BE54-9A1E7A4F7556}") = "CamplyMarket.Infrastructure", "Infrastructure\CamplyMarket.Infrastructure\CamplyMarket.Infrastructure.csproj", "{18F086B2-005A-4167-B3D6-8A7FA2F60B66}"
EndProject
Project("{9A19103F-16F7-4668-BE54-9A1E7A4F7556}") = "CamplyMarket.Persistence", "Infrastructure\CamplyMarket.Presistence\CamplyMarket.Persistence.csproj", "{52A96855-02E6-44CE-9BB2-274C9C8146B8}"
EndProject
Project("{2150E333-8FDC-42A3-9474-1A3956D46DE8}") = "Prensentation", "Prensentation", "{221E8599-8F88-4A06-BF54-EF95463F235F}"
EndProject
Project("{9A19103F-16F7-4668-BE54-9A1E7A4F7556}") = "CamplyMarket.Presentation", "Presentation\CamplyMarket.Presentation\CamplyMarket.Presentation.csproj", "{34E1EAB7-554B-4C28-8C3F-74D277992515}"
EndProject
Global
	GlobalSection(SolutionConfigurationPlatforms) = preSolution
		Debug|Any CPU = Debug|Any CPU
		Release|Any CPU = Release|Any CPU
	EndGlobalSection
	GlobalSection(ProjectConfigurationPlatforms) = postSolution
		{F7AE53D2-CC94-4875-BCB6-9B478F0BD49C}.Debug|Any CPU.ActiveCfg = Debug|Any CPU
		{F7AE53D2-CC94-4875-BCB6-9B478F0BD49C}.Debug|Any CPU.Build.0 = Debug|Any CPU
		{F7AE53D2-CC94-4875-BCB6-9B478F0BD49C}.Release|Any CPU.ActiveCfg = Release|Any CPU
		{F7AE53D2-CC94-4875-BCB6-9B478F0BD49C}.Release|Any CPU.Build.0 = Release|Any CPU
		{48BDD5E7-0878-4900-9201-6F2AAE7CAF3C}.Debug|Any CPU.ActiveCfg = Debug|Any CPU
		{48BDD5E7-0878-4900-9201-6F2AAE7CAF3C}.Debug|Any CPU.Build.0 = Debug|Any CPU
		{48BDD5E7-0878-4900-9201-6F2AAE7CAF3C}.Release|Any CPU.ActiveCfg = Release|Any CPU
		{48BDD5E7-0878-4900-9201-6F2AAE7CAF3C}.Release|Any CPU.Build.0 = Release|Any CPU
		{18F086B2-005A-4167-B3D6-8A7FA2F60B66}.Debug|Any CPU.ActiveCfg = Debug|Any CPU
		{18F086B2-005A-4167-B3D6-8A7FA2F60B66}.Debug|Any CPU.Build.0 = Debug|Any CPU
		{18F086B2-005A-4167-B3D6-8A7FA2F60B66}.Release|Any CPU.ActiveCfg = Release|Any CPU
		{18F086B2-005A-4167-B3D6-8A7FA2F60B66}.Release|Any CPU.Build.0 = Release|Any CPU
		{52A96855-02E6-44CE-9BB2-274C9C8146B8}.Debug|Any CPU.ActiveCfg = Debug|Any CPU
		{52A96855-02E6-44CE-9BB2-274C9C8146B8}.Debug|Any CPU.Build.0 = Debug|Any CPU
		{52A96855-02E6-44CE-9BB2-274C9C8146B8}.Release|Any CPU.ActiveCfg = Release|Any CPU
		{52A96855-02E6-44CE-9BB2-274C9C8146B8}.Release|Any CPU.Build.0 = Release|Any CPU
		{34E1EAB7-554B-4C28-8C3F-74D277992515}.Debug|Any CPU.ActiveCfg = Debug|Any CPU
		{34E1EAB7-554B-4C28-8C3F-74D277992515}.Debug|Any CPU.Build.0 = Debug|Any CPU
		{34E1EAB7-554B-4C28-8C3F-74D277992515}.Release|Any CPU.ActiveCfg = Release|Any CPU
		{34E1EAB7-554B-4C28-8C3F-74D277992515}.Release|Any CPU.Build.0 = Release|Any CPU
	EndGlobalSection
	GlobalSection(SolutionProperties) = preSolution
		HideSolutionNode = FALSE
	EndGlobalSection
	GlobalSection(NestedProjects) = preSolution
		{F7AE53D2-CC94-4875-BCB6-9B478F0BD49C} = {44AE1D1E-9A81-4D2C-A8B5-789827DFB034}
		{48BDD5E7-0878-4900-9201-6F2AAE7CAF3C} = {44AE1D1E-9A81-4D2C-A8B5-789827DFB034}
		{18F086B2-005A-4167-B3D6-8A7FA2F60B66} = {85AB6C79-FB54-4AC4-8CB6-C921A732A49E}
		{52A96855-02E6-44CE-9BB2-274C9C8146B8} = {85AB6C79-FB54-4AC4-8CB6-C921A732A49E}
		{34E1EAB7-554B-4C28-8C3F-74D277992515} = {221E8599-8F88-4A06-BF54-EF95463F235F}
	EndGlobalSection
	GlobalSection(ExtensibilityGlobals) = postSolution
		SolutionGuid = {ED7DBFEE-E94E-4952-96D3-A097C6359F03}
	EndGlobalSection
EndGlobal
